
Microsoft Visual Studio Solution File, Format Version 12.00
# Visual Studio Version 16
VisualStudioVersion = 25.0.1704.3
MinimumVisualStudioVersion = 10.0.40219.1
Project("{FAE04EC0-301F-11D3-BF4B-00C04F79EFBC}") = "Projet2", "Projet2.csproj", "{35FD0540-3B4C-4DB0-AA7A-CC83D7D5DE6A}"
EndProject
Global
	GlobalSection(SolutionConfigurationPlatforms) = preSolution
		Debug|Any CPU = Debug|Any CPU
		Release|Any CPU = Release|Any CPU
	EndGlobalSection
	GlobalSection(ProjectConfigurationPlatforms) = postSolution
		{35FD0540-3B4C-4DB0-AA7A-CC83D7D5DE6A}.Debug|Any CPU.ActiveCfg = Debug|Any CPU
		{35FD0540-3B4C-4DB0-AA7A-CC83D7D5DE6A}.Debug|Any CPU.Build.0 = Debug|Any CPU
		{35FD0540-3B4C-4DB0-AA7A-CC83D7D5DE6A}.Release|Any CPU.ActiveCfg = Release|Any CPU
		{35FD0540-3B4C-4DB0-AA7A-CC83D7D5DE6A}.Release|Any CPU.Build.0 = Release|Any CPU
	EndGlobalSection
	GlobalSection(SolutionProperties) = preSolution
		HideSolutionNode = FALSE
	EndGlobalSection
	GlobalSection(ExtensibilityGlobals) = postSolution
		SolutionGuid = {9E6AFA29-6B7E-4B5D-94A7-F6C2822553DD}
	EndGlobalSection
EndGlobal
